
Microsoft Visual Studio Solution File, Format Version 12.00
# Visual Studio Version 16
VisualStudioVersion = 16.0.31129.286
MinimumVisualStudioVersion = 10.0.40219.1
Project("{FAE04EC0-301F-11D3-BF4B-00C04F79EFBC}") = "Game", "Game\Game.csproj", "{BFF49829-1D63-47CF-A624-5962A014A08B}"
EndProject
Global
	GlobalSection(SolutionConfigurationPlatforms) = preSolution
		Debug|Any CPU = Debug|Any CPU
		Release|Any CPU = Release|Any CPU
	EndGlobalSection
	GlobalSection(ProjectConfigurationPlatforms) = postSolution
		{BFF49829-1D63-47CF-A624-5962A014A08B}.Debug|Any CPU.ActiveCfg = Debug|Any CPU
		{BFF49829-1D63-47CF-A624-5962A014A08B}.Debug|Any CPU.Build.0 = Debug|Any CPU
		{BFF49829-1D63-47CF-A624-5962A014A08B}.Release|Any CPU.ActiveCfg = Release|Any CPU
		{BFF49829-1D63-47CF-A624-5962A014A08B}.Release|Any CPU.Build.0 = Release|Any CPU
	EndGlobalSection
	GlobalSection(SolutionProperties) = preSolution
		HideSolutionNode = FALSE
	EndGlobalSection
	GlobalSection(ExtensibilityGlobals) = postSolution
		SolutionGuid = {683E4253-3840-4BDE-94F8-656A3DFEF4AB}
	EndGlobalSection
EndGlobal
